
Microsoft Visual Studio Solution File, Format Version 12.00
# Visual Studio Version 17
VisualStudioVersion = 17.5.002.0
MinimumVisualStudioVersion = 10.0.40219.1
Project("{2150E333-8FDC-42A3-9474-1A3956D46DE8}") = "Section02-GetStarted", "Section02-GetStarted", "{A29DFFFD-6E31-40D1-834C-99B1B284065A}"
EndProject
Project("{9A19103F-16F7-4668-BE54-9A1E7A4F7556}") = "Assignment1", "Section02-GetStarted\Assignment1\Assignment1.csproj", "{B540EAFE-B079-4259-BB9A-F1B1F93811CE}"
EndProject
Project("{9A19103F-16F7-4668-BE54-9A1E7A4F7556}") = "Assignment1Solution", "Section02-GetStarted\Assignment1Solution\Assignment1Solution.csproj", "{E22E2788-972A-4914-8656-1D81A39DD6A6}"
EndProject
Project("{9A19103F-16F7-4668-BE54-9A1E7A4F7556}") = "LinqBasics", "Section02-GetStarted\LinqBasics\LinqBasics.csproj", "{4244FF64-CA59-47BC-B17C-51CF05B8C563}"
EndProject
Project("{2150E333-8FDC-42A3-9474-1A3956D46DE8}") = "Section03-LinqSyntaxTypes", "Section03-LinqSyntaxTypes", "{12D8F826-FA8B-4647-8432-4465734A82FD}"
EndProject
Project("{9A19103F-16F7-4668-BE54-9A1E7A4F7556}") = "Assignment1", "Section03-LinqSyntaxTypes\Assignment1\Assignment1.csproj", "{77A3DEE0-ADCD-4CE5-9803-153969A6F6CA}"
EndProject
Project("{9A19103F-16F7-4668-BE54-9A1E7A4F7556}") = "LinqMethodSyntax", "Section03-LinqSyntaxTypes\LinqMethodSyntax\LinqMethodSyntax.csproj", "{EC4AC5B6-7151-43FC-8965-74D3B01FECA0}"
EndProject
Project("{9A19103F-16F7-4668-BE54-9A1E7A4F7556}") = "LinqSyntaxDifferences", "Section03-LinqSyntaxTypes\LinqSyntaxDifferences\LinqSyntaxDifferences.csproj", "{2AFF7033-0112-44AA-9EC1-CD654218DC1D}"
EndProject
Project("{2150E333-8FDC-42A3-9474-1A3956D46DE8}") = "Section04-LinqToObjects", "Section04-LinqToObjects", "{DDD5691E-DE4C-4221-AAC5-844518FE682A}"
EndProject
Project("{9A19103F-16F7-4668-BE54-9A1E7A4F7556}") = "Assignment2", "Section04-LinqToObjects\Assignment2\Assignment2.csproj", "{15E12D4B-7F63-4BFF-91F2-140EA9AEDBE7}"
EndProject
Project("{9A19103F-16F7-4668-BE54-9A1E7A4F7556}") = "CMS.UI.Models", "Section04-LinqToObjects\CMS.UI.Models\CMS.UI.Models.csproj", "{823C379D-0F66-4E0F-9587-FB61500C8BCE}"
EndProject
Project("{9A19103F-16F7-4668-BE54-9A1E7A4F7556}") = "LinqAggregation", "Section04-LinqToObjects\LinqAggregation\LinqAggregation.csproj", "{614A56DC-AEA4-4097-95E2-E88C0BA0D7DD}"
EndProject
Project("{9A19103F-16F7-4668-BE54-9A1E7A4F7556}") = "LinqElements", "Section04-LinqToObjects\LinqElements\LinqElements.csproj", "{5073C108-3A83-4550-8C37-E88BCFF318B0}"
EndProject
Project("{9A19103F-16F7-4668-BE54-9A1E7A4F7556}") = "LinqFiltering", "Section04-LinqToObjects\LinqFiltering\LinqFiltering.csproj", "{395B18F0-CB7A-40F1-97A8-776123249C11}"
EndProject
Project("{9A19103F-16F7-4668-BE54-9A1E7A4F7556}") = "LinqGrouping", "Section04-LinqToObjects\LinqGrouping\LinqGrouping.csproj", "{CD9B17B5-B7B8-45EF-B0AF-7C03F139BF2F}"
EndProject
Project("{9A19103F-16F7-4668-BE54-9A1E7A4F7556}") = "LinqJoin", "Section04-LinqToObjects\LinqJoin\LinqJoin.csproj", "{90F1D926-7FFA-4CB1-B877-36654CD547B3}"
EndProject
Project("{9A19103F-16F7-4668-BE54-9A1E7A4F7556}") = "LinqProjection", "Section04-LinqToObjects\LinqProjection\LinqProjection.csproj", "{234E9526-76C6-4C87-9344-EBE34D2D7EFA}"
EndProject
Project("{9A19103F-16F7-4668-BE54-9A1E7A4F7556}") = "LinqQuantifier", "Section04-LinqToObjects\LinqQuantifier\LinqQuantifier.csproj", "{BFEAB4A9-B8D9-490C-8613-A2CC9EB21298}"
EndProject
Project("{9A19103F-16F7-4668-BE54-9A1E7A4F7556}") = "LinqSorting", "Section04-LinqToObjects\LinqSorting\LinqSorting.csproj", "{E00A1C59-9B7C-4151-9BED-4BC4694EFE00}"
EndProject
Project("{2150E333-8FDC-42A3-9474-1A3956D46DE8}") = "Section05-LinqToEntities", "Section05-LinqToEntities", "{99BB1EE5-F3F5-44F5-854B-1E68565C59A4}"
EndProject
Project("{9A19103F-16F7-4668-BE54-9A1E7A4F7556}") = "Assignment1", "Section05-LinqToEntities\Assignment1\Assignment1.csproj", "{6BBDD81E-DF89-4E15-A9B5-DA05F5924D31}"
EndProject
Project("{9A19103F-16F7-4668-BE54-9A1E7A4F7556}") = "LinqToEntities", "Section05-LinqToEntities\LinqToEntities\LinqToEntities.csproj", "{D0618878-86E7-42BA-ABFE-EF56E7BA9734}"
EndProject
Project("{2150E333-8FDC-42A3-9474-1A3956D46DE8}") = "Section06-LinqToXml", "Section06-LinqToXml", "{1E537EDA-A513-4DFA-884A-4E6EBF6505AF}"
EndProject
Project("{9A19103F-16F7-4668-BE54-9A1E7A4F7556}") = "CMS.Data.Models", "Section06-LinqToXml\CMS.Data.Models\CMS.Data.Models.csproj", "{0542E33A-0708-4148-896E-EB3E76F9F336}"
EndProject
Project("{9A19103F-16F7-4668-BE54-9A1E7A4F7556}") = "LinqToXml", "Section06-LinqToXml\LinqToXml\LinqToXml.csproj", "{6213219C-6FE6-4D88-B15A-CF9A3DBA771B}"
EndProject
Project("{2150E333-8FDC-42A3-9474-1A3956D46DE8}") = "Section07-LinqToJson", "Section07-LinqToJson", "{56CFF363-B5B1-4736-B53F-895CDC8CE7FA}"
EndProject
Project("{9A19103F-16F7-4668-BE54-9A1E7A4F7556}") = "CMS.Data.Models", "Section07-LinqToJson\CMS.Data.Models\CMS.Data.Models.csproj", "{D70F9EA3-EA08-48FF-BE06-B6AE7F4831B0}"
EndProject
Project("{9A19103F-16F7-4668-BE54-9A1E7A4F7556}") = "LinqToJson", "Section07-LinqToJson\LinqToJson\LinqToJson.csproj", "{94DFA11A-BDD6-413D-9AF6-AC047D9398EB}"
EndProject
Project("{2150E333-8FDC-42A3-9474-1A3956D46DE8}") = ".netcore3.1", ".netcore3.1", "{3CC34DD1-1FA0-42CF-90AE-B5287693119F}"
EndProject
Project("{2150E333-8FDC-42A3-9474-1A3956D46DE8}") = "Section02-GetStarted", "Section02-GetStarted", "{3F058F96-956A-4816-9386-EE3945527125}"
EndProject
Project("{9A19103F-16F7-4668-BE54-9A1E7A4F7556}") = "Assignment1", ".netcore3.1\Section02-GetStarted\Assignment1\Assignment1.csproj", "{3B944F1E-F680-44D6-950A-9972C3743329}"
EndProject
Project("{9A19103F-16F7-4668-BE54-9A1E7A4F7556}") = "Assignment1Solution", ".netcore3.1\Section02-GetStarted\Assignment1Solution\Assignment1Solution.csproj", "{ADD87D0A-7116-4827-B1A5-BCAA6F793C28}"
EndProject
Project("{9A19103F-16F7-4668-BE54-9A1E7A4F7556}") = "LinqBasics", ".netcore3.1\Section02-GetStarted\LinqBasics\LinqBasics.csproj", "{59858EC1-6867-4771-8881-289CDE722545}"
EndProject
Project("{2150E333-8FDC-42A3-9474-1A3956D46DE8}") = "Section03-LinqSyntaxTypes", "Section03-LinqSyntaxTypes", "{D8560903-9F29-4416-8845-D3ADE9B32DA6}"
EndProject
Project("{9A19103F-16F7-4668-BE54-9A1E7A4F7556}") = "Assignment1", ".netcore3.1\Section03-LinqSyntaxTypes\Assignment1\Assignment1.csproj", "{F4C32F3F-1475-4567-9064-81371D67B647}"
EndProject
Project("{9A19103F-16F7-4668-BE54-9A1E7A4F7556}") = "Assignment1Solution", ".netcore3.1\Section03-LinqSyntaxTypes\Assignment1Solution\Assignment1Solution.csproj", "{E3FF2CE9-CCE4-4969-A372-64950FC8670C}"
EndProject
Project("{9A19103F-16F7-4668-BE54-9A1E7A4F7556}") = "LinqMethodSyntax", ".netcore3.1\Section03-LinqSyntaxTypes\LinqMethodSyntax\LinqMethodSyntax.csproj", "{B295CA23-2102-42AD-88B8-C0B2C02C3C44}"
EndProject
Project("{9A19103F-16F7-4668-BE54-9A1E7A4F7556}") = "LinqSyntaxDifferences", ".netcore3.1\Section03-LinqSyntaxTypes\LinqSyntaxDifferences\LinqSyntaxDifferences.csproj", "{D0D59FD9-AA06-4F1E-812D-1E68843D4E8D}"
EndProject
Project("{2150E333-8FDC-42A3-9474-1A3956D46DE8}") = "Section04-LinqToObjects", "Section04-LinqToObjects", "{F33373AC-6D21-4A0E-B4DE-B7B5B25C37FA}"
EndProject
Project("{9A19103F-16F7-4668-BE54-9A1E7A4F7556}") = "Assignment2", ".netcore3.1\Section04-LinqToObjects\Assignment2\Assignment2.csproj", "{3BF8EE1F-322C-45D5-9328-E5F5B921BA17}"
EndProject
Project("{9A19103F-16F7-4668-BE54-9A1E7A4F7556}") = "CMS.UI.Models", ".netcore3.1\Section04-LinqToObjects\CMS.UI.Models\CMS.UI.Models.csproj", "{CEF05A56-EF14-4C1A-961E-2CC53B2417DB}"
EndProject
Project("{9A19103F-16F7-4668-BE54-9A1E7A4F7556}") = "LinqAggregation", ".netcore3.1\Section04-LinqToObjects\LinqAggregation\LinqAggregation.csproj", "{44352105-983C-43FC-8AD7-1D9B42B1F9F0}"
EndProject
Project("{9A19103F-16F7-4668-BE54-9A1E7A4F7556}") = "LinqElements", ".netcore3.1\Section04-LinqToObjects\LinqElements\LinqElements.csproj", "{DC6C6BE1-80FE-4AA0-98A1-F667B038699B}"
EndProject
Project("{9A19103F-16F7-4668-BE54-9A1E7A4F7556}") = "LinqFiltering", ".netcore3.1\Section04-LinqToObjects\LinqFiltering\LinqFiltering.csproj", "{B1777240-B123-499F-88E9-269EAEE2F5F1}"
EndProject
Project("{9A19103F-16F7-4668-BE54-9A1E7A4F7556}") = "LinqGrouping", ".netcore3.1\Section04-LinqToObjects\LinqGrouping\LinqGrouping.csproj", "{744C3FAB-0EF9-4164-B2EF-45C2604F14A7}"
EndProject
Project("{9A19103F-16F7-4668-BE54-9A1E7A4F7556}") = "LinqJoin", ".netcore3.1\Section04-LinqToObjects\LinqJoin\LinqJoin.csproj", "{808DCB1E-9DC9-4564-8F16-208B39E123AD}"
EndProject
Project("{9A19103F-16F7-4668-BE54-9A1E7A4F7556}") = "LinqProjection", ".netcore3.1\Section04-LinqToObjects\LinqProjection\LinqProjection.csproj", "{FB7BECA8-E11F-4A28-A6C4-E809AA7B447A}"
EndProject
Project("{9A19103F-16F7-4668-BE54-9A1E7A4F7556}") = "LinqQuantifier", ".netcore3.1\Section04-LinqToObjects\LinqQuantifier\LinqQuantifier.csproj", "{134976F4-7D80-46D4-BA25-034D108E655D}"
EndProject
Project("{9A19103F-16F7-4668-BE54-9A1E7A4F7556}") = "LinqSorting", ".netcore3.1\Section04-LinqToObjects\LinqSorting\LinqSorting.csproj", "{E41ACA19-A66F-40C5-BC9D-FD332FFC228E}"
EndProject
Project("{2150E333-8FDC-42A3-9474-1A3956D46DE8}") = "Section05-LinqToEntities", "Section05-LinqToEntities", "{718F0B23-9B9B-4A9E-96E0-0A356A3A136A}"
EndProject
Project("{9A19103F-16F7-4668-BE54-9A1E7A4F7556}") = "Assignment1", ".netcore3.1\Section05-LinqToEntities\Assignment1\Assignment1.csproj", "{8A0944AE-AC5B-479B-B038-4B4DF35B724C}"
EndProject
Project("{9A19103F-16F7-4668-BE54-9A1E7A4F7556}") = "LinqToEntities", ".netcore3.1\Section05-LinqToEntities\LinqToEntities\LinqToEntities.csproj", "{7886EA6D-59EA-4D4C-9EA1-9B444A061B3B}"
EndProject
Project("{2150E333-8FDC-42A3-9474-1A3956D46DE8}") = "Section06-LinqToXml", "Section06-LinqToXml", "{91328FA3-BF6A-49E4-9C65-D47FAB51B551}"
EndProject
Project("{9A19103F-16F7-4668-BE54-9A1E7A4F7556}") = "CMS.Data.Models", ".netcore3.1\Section06-LinqToXml\CMS.Data.Models\CMS.Data.Models.csproj", "{AA192040-9132-48EA-8D8C-4BBD38C8BCCD}"
EndProject
Project("{9A19103F-16F7-4668-BE54-9A1E7A4F7556}") = "LinqToXml", ".netcore3.1\Section06-LinqToXml\LinqToXml\LinqToXml.csproj", "{C85DAF68-7997-41FB-9B8C-820182CB14F5}"
EndProject
Project("{2150E333-8FDC-42A3-9474-1A3956D46DE8}") = "Section07-LinqToJson", "Section07-LinqToJson", "{B28924CF-7053-42A3-8BD0-9C8FEBD93F3C}"
EndProject
Project("{9A19103F-16F7-4668-BE54-9A1E7A4F7556}") = "CMS.Data.Models", ".netcore3.1\Section07-LinqToJson\CMS.Data.Models\CMS.Data.Models.csproj", "{140CB2C0-0624-47C4-B76E-793CE0897830}"
EndProject
Project("{9A19103F-16F7-4668-BE54-9A1E7A4F7556}") = "LinqToJson", ".netcore3.1\Section07-LinqToJson\LinqToJson\LinqToJson.csproj", "{B36E9286-A4E5-415E-87D1-BA0B3F222D9C}"
EndProject
Project("{2150E333-8FDC-42A3-9474-1A3956D46DE8}") = "LinqMethodSyntax (1)", "LinqMethodSyntax", "{1FD50DBA-17FF-462F-B469-6F626AFE5241}"
EndProject
Project("{9A19103F-16F7-4668-BE54-9A1E7A4F7556}") = "Assignment1Solution", "Section03-LinqSyntaxTypes\LinqMethodSyntax\Assignment1Solution\Assignment1Solution.csproj", "{5AE29798-70DC-45B3-A633-E8BF981DC86E}"
EndProject
Global
	GlobalSection(SolutionConfigurationPlatforms) = preSolution
		Debug|Any CPU = Debug|Any CPU
		Release|Any CPU = Release|Any CPU
	EndGlobalSection
	GlobalSection(ProjectConfigurationPlatforms) = postSolution
		{B540EAFE-B079-4259-BB9A-F1B1F93811CE}.Debug|Any CPU.ActiveCfg = Debug|Any CPU
		{B540EAFE-B079-4259-BB9A-F1B1F93811CE}.Debug|Any CPU.Build.0 = Debug|Any CPU
		{B540EAFE-B079-4259-BB9A-F1B1F93811CE}.Release|Any CPU.ActiveCfg = Release|Any CPU
		{B540EAFE-B079-4259-BB9A-F1B1F93811CE}.Release|Any CPU.Build.0 = Release|Any CPU
		{E22E2788-972A-4914-8656-1D81A39DD6A6}.Debug|Any CPU.ActiveCfg = Debug|Any CPU
		{E22E2788-972A-4914-8656-1D81A39DD6A6}.Debug|Any CPU.Build.0 = Debug|Any CPU
		{E22E2788-972A-4914-8656-1D81A39DD6A6}.Release|Any CPU.ActiveCfg = Release|Any CPU
		{E22E2788-972A-4914-8656-1D81A39DD6A6}.Release|Any CPU.Build.0 = Release|Any CPU
		{4244FF64-CA59-47BC-B17C-51CF05B8C563}.Debug|Any CPU.ActiveCfg = Debug|Any CPU
		{4244FF64-CA59-47BC-B17C-51CF05B8C563}.Debug|Any CPU.Build.0 = Debug|Any CPU
		{4244FF64-CA59-47BC-B17C-51CF05B8C563}.Release|Any CPU.ActiveCfg = Release|Any CPU
		{4244FF64-CA59-47BC-B17C-51CF05B8C563}.Release|Any CPU.Build.0 = Release|Any CPU
		{77A3DEE0-ADCD-4CE5-9803-153969A6F6CA}.Debug|Any CPU.ActiveCfg = Debug|Any CPU
		{77A3DEE0-ADCD-4CE5-9803-153969A6F6CA}.Debug|Any CPU.Build.0 = Debug|Any CPU
		{77A3DEE0-ADCD-4CE5-9803-153969A6F6CA}.Release|Any CPU.ActiveCfg = Release|Any CPU
		{77A3DEE0-ADCD-4CE5-9803-153969A6F6CA}.Release|Any CPU.Build.0 = Release|Any CPU
		{EC4AC5B6-7151-43FC-8965-74D3B01FECA0}.Debug|Any CPU.ActiveCfg = Debug|Any CPU
		{EC4AC5B6-7151-43FC-8965-74D3B01FECA0}.Debug|Any CPU.Build.0 = Debug|Any CPU
		{EC4AC5B6-7151-43FC-8965-74D3B01FECA0}.Release|Any CPU.ActiveCfg = Release|Any CPU
		{EC4AC5B6-7151-43FC-8965-74D3B01FECA0}.Release|Any CPU.Build.0 = Release|Any CPU
		{2AFF7033-0112-44AA-9EC1-CD654218DC1D}.Debug|Any CPU.ActiveCfg = Debug|Any CPU
		{2AFF7033-0112-44AA-9EC1-CD654218DC1D}.Debug|Any CPU.Build.0 = Debug|Any CPU
		{2AFF7033-0112-44AA-9EC1-CD654218DC1D}.Release|Any CPU.ActiveCfg = Release|Any CPU
		{2AFF7033-0112-44AA-9EC1-CD654218DC1D}.Release|Any CPU.Build.0 = Release|Any CPU
		{15E12D4B-7F63-4BFF-91F2-140EA9AEDBE7}.Debug|Any CPU.ActiveCfg = Debug|Any CPU
		{15E12D4B-7F63-4BFF-91F2-140EA9AEDBE7}.Debug|Any CPU.Build.0 = Debug|Any CPU
		{15E12D4B-7F63-4BFF-91F2-140EA9AEDBE7}.Release|Any CPU.ActiveCfg = Release|Any CPU
		{15E12D4B-7F63-4BFF-91F2-140EA9AEDBE7}.Release|Any CPU.Build.0 = Release|Any CPU
		{823C379D-0F66-4E0F-9587-FB61500C8BCE}.Debug|Any CPU.ActiveCfg = Debug|Any CPU
		{823C379D-0F66-4E0F-9587-FB61500C8BCE}.Debug|Any CPU.Build.0 = Debug|Any CPU
		{823C379D-0F66-4E0F-9587-FB61500C8BCE}.Release|Any CPU.ActiveCfg = Release|Any CPU
		{823C379D-0F66-4E0F-9587-FB61500C8BCE}.Release|Any CPU.Build.0 = Release|Any CPU
		{614A56DC-AEA4-4097-95E2-E88C0BA0D7DD}.Debug|Any CPU.ActiveCfg = Debug|Any CPU
		{614A56DC-AEA4-4097-95E2-E88C0BA0D7DD}.Debug|Any CPU.Build.0 = Debug|Any CPU
		{614A56DC-AEA4-4097-95E2-E88C0BA0D7DD}.Release|Any CPU.ActiveCfg = Release|Any CPU
		{614A56DC-AEA4-4097-95E2-E88C0BA0D7DD}.Release|Any CPU.Build.0 = Release|Any CPU
		{5073C108-3A83-4550-8C37-E88BCFF318B0}.Debug|Any CPU.ActiveCfg = Debug|Any CPU
		{5073C108-3A83-4550-8C37-E88BCFF318B0}.Debug|Any CPU.Build.0 = Debug|Any CPU
		{5073C108-3A83-4550-8C37-E88BCFF318B0}.Release|Any CPU.ActiveCfg = Release|Any CPU
		{5073C108-3A83-4550-8C37-E88BCFF318B0}.Release|Any CPU.Build.0 = Release|Any CPU
		{395B18F0-CB7A-40F1-97A8-776123249C11}.Debug|Any CPU.ActiveCfg = Debug|Any CPU
		{395B18F0-CB7A-40F1-97A8-776123249C11}.Debug|Any CPU.Build.0 = Debug|Any CPU
		{395B18F0-CB7A-40F1-97A8-776123249C11}.Release|Any CPU.ActiveCfg = Release|Any CPU
		{395B18F0-CB7A-40F1-97A8-776123249C11}.Release|Any CPU.Build.0 = Release|Any CPU
		{CD9B17B5-B7B8-45EF-B0AF-7C03F139BF2F}.Debug|Any CPU.ActiveCfg = Debug|Any CPU
		{CD9B17B5-B7B8-45EF-B0AF-7C03F139BF2F}.Debug|Any CPU.Build.0 = Debug|Any CPU
		{CD9B17B5-B7B8-45EF-B0AF-7C03F139BF2F}.Release|Any CPU.ActiveCfg = Release|Any CPU
		{CD9B17B5-B7B8-45EF-B0AF-7C03F139BF2F}.Release|Any CPU.Build.0 = Release|Any CPU
		{90F1D926-7FFA-4CB1-B877-36654CD547B3}.Debug|Any CPU.ActiveCfg = Debug|Any CPU
		{90F1D926-7FFA-4CB1-B877-36654CD547B3}.Debug|Any CPU.Build.0 = Debug|Any CPU
		{90F1D926-7FFA-4CB1-B877-36654CD547B3}.Release|Any CPU.ActiveCfg = Release|Any CPU
		{90F1D926-7FFA-4CB1-B877-36654CD547B3}.Release|Any CPU.Build.0 = Release|Any CPU
		{234E9526-76C6-4C87-9344-EBE34D2D7EFA}.Debug|Any CPU.ActiveCfg = Debug|Any CPU
		{234E9526-76C6-4C87-9344-EBE34D2D7EFA}.Debug|Any CPU.Build.0 = Debug|Any CPU
		{234E9526-76C6-4C87-9344-EBE34D2D7EFA}.Release|Any CPU.ActiveCfg = Release|Any CPU
		{234E9526-76C6-4C87-9344-EBE34D2D7EFA}.Release|Any CPU.Build.0 = Release|Any CPU
		{BFEAB4A9-B8D9-490C-8613-A2CC9EB21298}.Debug|Any CPU.ActiveCfg = Debug|Any CPU
		{BFEAB4A9-B8D9-490C-8613-A2CC9EB21298}.Debug|Any CPU.Build.0 = Debug|Any CPU
		{BFEAB4A9-B8D9-490C-8613-A2CC9EB21298}.Release|Any CPU.ActiveCfg = Release|Any CPU
		{BFEAB4A9-B8D9-490C-8613-A2CC9EB21298}.Release|Any CPU.Build.0 = Release|Any CPU
		{E00A1C59-9B7C-4151-9BED-4BC4694EFE00}.Debug|Any CPU.ActiveCfg = Debug|Any CPU
		{E00A1C59-9B7C-4151-9BED-4BC4694EFE00}.Debug|Any CPU.Build.0 = Debug|Any CPU
		{E00A1C59-9B7C-4151-9BED-4BC4694EFE00}.Release|Any CPU.ActiveCfg = Release|Any CPU
		{E00A1C59-9B7C-4151-9BED-4BC4694EFE00}.Release|Any CPU.Build.0 = Release|Any CPU
		{6BBDD81E-DF89-4E15-A9B5-DA05F5924D31}.Debug|Any CPU.ActiveCfg = Debug|Any CPU
		{6BBDD81E-DF89-4E15-A9B5-DA05F5924D31}.Debug|Any CPU.Build.0 = Debug|Any CPU
		{6BBDD81E-DF89-4E15-A9B5-DA05F5924D31}.Release|Any CPU.ActiveCfg = Release|Any CPU
		{6BBDD81E-DF89-4E15-A9B5-DA05F5924D31}.Release|Any CPU.Build.0 = Release|Any CPU
		{D0618878-86E7-42BA-ABFE-EF56E7BA9734}.Debug|Any CPU.ActiveCfg = Debug|Any CPU
		{D0618878-86E7-42BA-ABFE-EF56E7BA9734}.Debug|Any CPU.Build.0 = Debug|Any CPU
		{D0618878-86E7-42BA-ABFE-EF56E7BA9734}.Release|Any CPU.ActiveCfg = Release|Any CPU
		{D0618878-86E7-42BA-ABFE-EF56E7BA9734}.Release|Any CPU.Build.0 = Release|Any CPU
		{0542E33A-0708-4148-896E-EB3E76F9F336}.Debug|Any CPU.ActiveCfg = Debug|Any CPU
		{0542E33A-0708-4148-896E-EB3E76F9F336}.Debug|Any CPU.Build.0 = Debug|Any CPU
		{0542E33A-0708-4148-896E-EB3E76F9F336}.Release|Any CPU.ActiveCfg = Release|Any CPU
		{0542E33A-0708-4148-896E-EB3E76F9F336}.Release|Any CPU.Build.0 = Release|Any CPU
		{6213219C-6FE6-4D88-B15A-CF9A3DBA771B}.Debug|Any CPU.ActiveCfg = Debug|Any CPU
		{6213219C-6FE6-4D88-B15A-CF9A3DBA771B}.Debug|Any CPU.Build.0 = Debug|Any CPU
		{6213219C-6FE6-4D88-B15A-CF9A3DBA771B}.Release|Any CPU.ActiveCfg = Release|Any CPU
		{6213219C-6FE6-4D88-B15A-CF9A3DBA771B}.Release|Any CPU.Build.0 = Release|Any CPU
		{D70F9EA3-EA08-48FF-BE06-B6AE7F4831B0}.Debug|Any CPU.ActiveCfg = Debug|Any CPU
		{D70F9EA3-EA08-48FF-BE06-B6AE7F4831B0}.Debug|Any CPU.Build.0 = Debug|Any CPU
		{D70F9EA3-EA08-48FF-BE06-B6AE7F4831B0}.Release|Any CPU.ActiveCfg = Release|Any CPU
		{D70F9EA3-EA08-48FF-BE06-B6AE7F4831B0}.Release|Any CPU.Build.0 = Release|Any CPU
		{94DFA11A-BDD6-413D-9AF6-AC047D9398EB}.Debug|Any CPU.ActiveCfg = Debug|Any CPU
		{94DFA11A-BDD6-413D-9AF6-AC047D9398EB}.Debug|Any CPU.Build.0 = Debug|Any CPU
		{94DFA11A-BDD6-413D-9AF6-AC047D9398EB}.Release|Any CPU.ActiveCfg = Release|Any CPU
		{94DFA11A-BDD6-413D-9AF6-AC047D9398EB}.Release|Any CPU.Build.0 = Release|Any CPU
		{3B944F1E-F680-44D6-950A-9972C3743329}.Debug|Any CPU.ActiveCfg = Debug|Any CPU
		{3B944F1E-F680-44D6-950A-9972C3743329}.Debug|Any CPU.Build.0 = Debug|Any CPU
		{3B944F1E-F680-44D6-950A-9972C3743329}.Release|Any CPU.ActiveCfg = Release|Any CPU
		{3B944F1E-F680-44D6-950A-9972C3743329}.Release|Any CPU.Build.0 = Release|Any CPU
		{ADD87D0A-7116-4827-B1A5-BCAA6F793C28}.Debug|Any CPU.ActiveCfg = Debug|Any CPU
		{ADD87D0A-7116-4827-B1A5-BCAA6F793C28}.Debug|Any CPU.Build.0 = Debug|Any CPU
		{ADD87D0A-7116-4827-B1A5-BCAA6F793C28}.Release|Any CPU.ActiveCfg = Release|Any CPU
		{ADD87D0A-7116-4827-B1A5-BCAA6F793C28}.Release|Any CPU.Build.0 = Release|Any CPU
		{59858EC1-6867-4771-8881-289CDE722545}.Debug|Any CPU.ActiveCfg = Debug|Any CPU
		{59858EC1-6867-4771-8881-289CDE722545}.Debug|Any CPU.Build.0 = Debug|Any CPU
		{59858EC1-6867-4771-8881-289CDE722545}.Release|Any CPU.ActiveCfg = Release|Any CPU
		{59858EC1-6867-4771-8881-289CDE722545}.Release|Any CPU.Build.0 = Release|Any CPU
		{F4C32F3F-1475-4567-9064-81371D67B647}.Debug|Any CPU.ActiveCfg = Debug|Any CPU
		{F4C32F3F-1475-4567-9064-81371D67B647}.Debug|Any CPU.Build.0 = Debug|Any CPU
		{F4C32F3F-1475-4567-9064-81371D67B647}.Release|Any CPU.ActiveCfg = Release|Any CPU
		{F4C32F3F-1475-4567-9064-81371D67B647}.Release|Any CPU.Build.0 = Release|Any CPU
		{E3FF2CE9-CCE4-4969-A372-64950FC8670C}.Debug|Any CPU.ActiveCfg = Debug|Any CPU
		{E3FF2CE9-CCE4-4969-A372-64950FC8670C}.Debug|Any CPU.Build.0 = Debug|Any CPU
		{E3FF2CE9-CCE4-4969-A372-64950FC8670C}.Release|Any CPU.ActiveCfg = Release|Any CPU
		{E3FF2CE9-CCE4-4969-A372-64950FC8670C}.Release|Any CPU.Build.0 = Release|Any CPU
		{B295CA23-2102-42AD-88B8-C0B2C02C3C44}.Debug|Any CPU.ActiveCfg = Debug|Any CPU
		{B295CA23-2102-42AD-88B8-C0B2C02C3C44}.Debug|Any CPU.Build.0 = Debug|Any CPU
		{B295CA23-2102-42AD-88B8-C0B2C02C3C44}.Release|Any CPU.ActiveCfg = Release|Any CPU
		{B295CA23-2102-42AD-88B8-C0B2C02C3C44}.Release|Any CPU.Build.0 = Release|Any CPU
		{D0D59FD9-AA06-4F1E-812D-1E68843D4E8D}.Debug|Any CPU.ActiveCfg = Debug|Any CPU
		{D0D59FD9-AA06-4F1E-812D-1E68843D4E8D}.Debug|Any CPU.Build.0 = Debug|Any CPU
		{D0D59FD9-AA06-4F1E-812D-1E68843D4E8D}.Release|Any CPU.ActiveCfg = Release|Any CPU
		{D0D59FD9-AA06-4F1E-812D-1E68843D4E8D}.Release|Any CPU.Build.0 = Release|Any CPU
		{3BF8EE1F-322C-45D5-9328-E5F5B921BA17}.Debug|Any CPU.ActiveCfg = Debug|Any CPU
		{3BF8EE1F-322C-45D5-9328-E5F5B921BA17}.Debug|Any CPU.Build.0 = Debug|Any CPU
		{3BF8EE1F-322C-45D5-9328-E5F5B921BA17}.Release|Any CPU.ActiveCfg = Release|Any CPU
		{3BF8EE1F-322C-45D5-9328-E5F5B921BA17}.Release|Any CPU.Build.0 = Release|Any CPU
		{CEF05A56-EF14-4C1A-961E-2CC53B2417DB}.Debug|Any CPU.ActiveCfg = Debug|Any CPU
		{CEF05A56-EF14-4C1A-961E-2CC53B2417DB}.Debug|Any CPU.Build.0 = Debug|Any CPU
		{CEF05A56-EF14-4C1A-961E-2CC53B2417DB}.Release|Any CPU.ActiveCfg = Release|Any CPU
		{CEF05A56-EF14-4C1A-961E-2CC53B2417DB}.Release|Any CPU.Build.0 = Release|Any CPU
		{44352105-983C-43FC-8AD7-1D9B42B1F9F0}.Debug|Any CPU.ActiveCfg = Debug|Any CPU
		{44352105-983C-43FC-8AD7-1D9B42B1F9F0}.Debug|Any CPU.Build.0 = Debug|Any CPU
		{44352105-983C-43FC-8AD7-1D9B42B1F9F0}.Release|Any CPU.ActiveCfg = Release|Any CPU
		{44352105-983C-43FC-8AD7-1D9B42B1F9F0}.Release|Any CPU.Build.0 = Release|Any CPU
		{DC6C6BE1-80FE-4AA0-98A1-F667B038699B}.Debug|Any CPU.ActiveCfg = Debug|Any CPU
		{DC6C6BE1-80FE-4AA0-98A1-F667B038699B}.Debug|Any CPU.Build.0 = Debug|Any CPU
		{DC6C6BE1-80FE-4AA0-98A1-F667B038699B}.Release|Any CPU.ActiveCfg = Release|Any CPU
		{DC6C6BE1-80FE-4AA0-98A1-F667B038699B}.Release|Any CPU.Build.0 = Release|Any CPU
		{B1777240-B123-499F-88E9-269EAEE2F5F1}.Debug|Any CPU.ActiveCfg = Debug|Any CPU
		{B1777240-B123-499F-88E9-269EAEE2F5F1}.Debug|Any CPU.Build.0 = Debug|Any CPU
		{B1777240-B123-499F-88E9-269EAEE2F5F1}.Release|Any CPU.ActiveCfg = Release|Any CPU
		{B1777240-B123-499F-88E9-269EAEE2F5F1}.Release|Any CPU.Build.0 = Release|Any CPU
		{744C3FAB-0EF9-4164-B2EF-45C2604F14A7}.Debug|Any CPU.ActiveCfg = Debug|Any CPU
		{744C3FAB-0EF9-4164-B2EF-45C2604F14A7}.Debug|Any CPU.Build.0 = Debug|Any CPU
		{744C3FAB-0EF9-4164-B2EF-45C2604F14A7}.Release|Any CPU.ActiveCfg = Release|Any CPU
		{744C3FAB-0EF9-4164-B2EF-45C2604F14A7}.Release|Any CPU.Build.0 = Release|Any CPU
		{808DCB1E-9DC9-4564-8F16-208B39E123AD}.Debug|Any CPU.ActiveCfg = Debug|Any CPU
		{808DCB1E-9DC9-4564-8F16-208B39E123AD}.Debug|Any CPU.Build.0 = Debug|Any CPU
		{808DCB1E-9DC9-4564-8F16-208B39E123AD}.Release|Any CPU.ActiveCfg = Release|Any CPU
		{808DCB1E-9DC9-4564-8F16-208B39E123AD}.Release|Any CPU.Build.0 = Release|Any CPU
		{FB7BECA8-E11F-4A28-A6C4-E809AA7B447A}.Debug|Any CPU.ActiveCfg = Debug|Any CPU
		{FB7BECA8-E11F-4A28-A6C4-E809AA7B447A}.Debug|Any CPU.Build.0 = Debug|Any CPU
		{FB7BECA8-E11F-4A28-A6C4-E809AA7B447A}.Release|Any CPU.ActiveCfg = Release|Any CPU
		{FB7BECA8-E11F-4A28-A6C4-E809AA7B447A}.Release|Any CPU.Build.0 = Release|Any CPU
		{134976F4-7D80-46D4-BA25-034D108E655D}.Debug|Any CPU.ActiveCfg = Debug|Any CPU
		{134976F4-7D80-46D4-BA25-034D108E655D}.Debug|Any CPU.Build.0 = Debug|Any CPU
		{134976F4-7D80-46D4-BA25-034D108E655D}.Release|Any CPU.ActiveCfg = Release|Any CPU
		{134976F4-7D80-46D4-BA25-034D108E655D}.Release|Any CPU.Build.0 = Release|Any CPU
		{E41ACA19-A66F-40C5-BC9D-FD332FFC228E}.Debug|Any CPU.ActiveCfg = Debug|Any CPU
		{E41ACA19-A66F-40C5-BC9D-FD332FFC228E}.Debug|Any CPU.Build.0 = Debug|Any CPU
		{E41ACA19-A66F-40C5-BC9D-FD332FFC228E}.Release|Any CPU.ActiveCfg = Release|Any CPU
		{E41ACA19-A66F-40C5-BC9D-FD332FFC228E}.Release|Any CPU.Build.0 = Release|Any CPU
		{8A0944AE-AC5B-479B-B038-4B4DF35B724C}.Debug|Any CPU.ActiveCfg = Debug|Any CPU
		{8A0944AE-AC5B-479B-B038-4B4DF35B724C}.Debug|Any CPU.Build.0 = Debug|Any CPU
		{8A0944AE-AC5B-479B-B038-4B4DF35B724C}.Release|Any CPU.ActiveCfg = Release|Any CPU
		{8A0944AE-AC5B-479B-B038-4B4DF35B724C}.Release|Any CPU.Build.0 = Release|Any CPU
		{7886EA6D-59EA-4D4C-9EA1-9B444A061B3B}.Debug|Any CPU.ActiveCfg = Debug|Any CPU
		{7886EA6D-59EA-4D4C-9EA1-9B444A061B3B}.Debug|Any CPU.Build.0 = Debug|Any CPU
		{7886EA6D-59EA-4D4C-9EA1-9B444A061B3B}.Release|Any CPU.ActiveCfg = Release|Any CPU
		{7886EA6D-59EA-4D4C-9EA1-9B444A061B3B}.Release|Any CPU.Build.0 = Release|Any CPU
		{AA192040-9132-48EA-8D8C-4BBD38C8BCCD}.Debug|Any CPU.ActiveCfg = Debug|Any CPU
		{AA192040-9132-48EA-8D8C-4BBD38C8BCCD}.Debug|Any CPU.Build.0 = Debug|Any CPU
		{AA192040-9132-48EA-8D8C-4BBD38C8BCCD}.Release|Any CPU.ActiveCfg = Release|Any CPU
		{AA192040-9132-48EA-8D8C-4BBD38C8BCCD}.Release|Any CPU.Build.0 = Release|Any CPU
		{C85DAF68-7997-41FB-9B8C-820182CB14F5}.Debug|Any CPU.ActiveCfg = Debug|Any CPU
		{C85DAF68-7997-41FB-9B8C-820182CB14F5}.Debug|Any CPU.Build.0 = Debug|Any CPU
		{C85DAF68-7997-41FB-9B8C-820182CB14F5}.Release|Any CPU.ActiveCfg = Release|Any CPU
		{C85DAF68-7997-41FB-9B8C-820182CB14F5}.Release|Any CPU.Build.0 = Release|Any CPU
		{140CB2C0-0624-47C4-B76E-793CE0897830}.Debug|Any CPU.ActiveCfg = Debug|Any CPU
		{140CB2C0-0624-47C4-B76E-793CE0897830}.Debug|Any CPU.Build.0 = Debug|Any CPU
		{140CB2C0-0624-47C4-B76E-793CE0897830}.Release|Any CPU.ActiveCfg = Release|Any CPU
		{140CB2C0-0624-47C4-B76E-793CE0897830}.Release|Any CPU.Build.0 = Release|Any CPU
		{B36E9286-A4E5-415E-87D1-BA0B3F222D9C}.Debug|Any CPU.ActiveCfg = Debug|Any CPU
		{B36E9286-A4E5-415E-87D1-BA0B3F222D9C}.Debug|Any CPU.Build.0 = Debug|Any CPU
		{B36E9286-A4E5-415E-87D1-BA0B3F222D9C}.Release|Any CPU.ActiveCfg = Release|Any CPU
		{B36E9286-A4E5-415E-87D1-BA0B3F222D9C}.Release|Any CPU.Build.0 = Release|Any CPU
		{5AE29798-70DC-45B3-A633-E8BF981DC86E}.Debug|Any CPU.ActiveCfg = Debug|Any CPU
		{5AE29798-70DC-45B3-A633-E8BF981DC86E}.Debug|Any CPU.Build.0 = Debug|Any CPU
		{5AE29798-70DC-45B3-A633-E8BF981DC86E}.Release|Any CPU.ActiveCfg = Release|Any CPU
		{5AE29798-70DC-45B3-A633-E8BF981DC86E}.Release|Any CPU.Build.0 = Release|Any CPU
	EndGlobalSection
	GlobalSection(SolutionProperties) = preSolution
		HideSolutionNode = FALSE
	EndGlobalSection
	GlobalSection(NestedProjects) = preSolution
		{B540EAFE-B079-4259-BB9A-F1B1F93811CE} = {A29DFFFD-6E31-40D1-834C-99B1B284065A}
		{E22E2788-972A-4914-8656-1D81A39DD6A6} = {A29DFFFD-6E31-40D1-834C-99B1B284065A}
		{4244FF64-CA59-47BC-B17C-51CF05B8C563} = {A29DFFFD-6E31-40D1-834C-99B1B284065A}
		{77A3DEE0-ADCD-4CE5-9803-153969A6F6CA} = {12D8F826-FA8B-4647-8432-4465734A82FD}
		{EC4AC5B6-7151-43FC-8965-74D3B01FECA0} = {12D8F826-FA8B-4647-8432-4465734A82FD}
		{2AFF7033-0112-44AA-9EC1-CD654218DC1D} = {12D8F826-FA8B-4647-8432-4465734A82FD}
		{15E12D4B-7F63-4BFF-91F2-140EA9AEDBE7} = {DDD5691E-DE4C-4221-AAC5-844518FE682A}
		{823C379D-0F66-4E0F-9587-FB61500C8BCE} = {DDD5691E-DE4C-4221-AAC5-844518FE682A}
		{614A56DC-AEA4-4097-95E2-E88C0BA0D7DD} = {DDD5691E-DE4C-4221-AAC5-844518FE682A}
		{5073C108-3A83-4550-8C37-E88BCFF318B0} = {DDD5691E-DE4C-4221-AAC5-844518FE682A}
		{395B18F0-CB7A-40F1-97A8-776123249C11} = {DDD5691E-DE4C-4221-AAC5-844518FE682A}
		{CD9B17B5-B7B8-45EF-B0AF-7C03F139BF2F} = {DDD5691E-DE4C-4221-AAC5-844518FE682A}
		{90F1D926-7FFA-4CB1-B877-36654CD547B3} = {DDD5691E-DE4C-4221-AAC5-844518FE682A}
		{234E9526-76C6-4C87-9344-EBE34D2D7EFA} = {DDD5691E-DE4C-4221-AAC5-844518FE682A}
		{BFEAB4A9-B8D9-490C-8613-A2CC9EB21298} = {DDD5691E-DE4C-4221-AAC5-844518FE682A}
		{E00A1C59-9B7C-4151-9BED-4BC4694EFE00} = {DDD5691E-DE4C-4221-AAC5-844518FE682A}
		{6BBDD81E-DF89-4E15-A9B5-DA05F5924D31} = {99BB1EE5-F3F5-44F5-854B-1E68565C59A4}
		{D0618878-86E7-42BA-ABFE-EF56E7BA9734} = {99BB1EE5-F3F5-44F5-854B-1E68565C59A4}
		{0542E33A-0708-4148-896E-EB3E76F9F336} = {1E537EDA-A513-4DFA-884A-4E6EBF6505AF}
		{6213219C-6FE6-4D88-B15A-CF9A3DBA771B} = {1E537EDA-A513-4DFA-884A-4E6EBF6505AF}
		{D70F9EA3-EA08-48FF-BE06-B6AE7F4831B0} = {56CFF363-B5B1-4736-B53F-895CDC8CE7FA}
		{94DFA11A-BDD6-413D-9AF6-AC047D9398EB} = {56CFF363-B5B1-4736-B53F-895CDC8CE7FA}
		{3F058F96-956A-4816-9386-EE3945527125} = {3CC34DD1-1FA0-42CF-90AE-B5287693119F}
		{3B944F1E-F680-44D6-950A-9972C3743329} = {3F058F96-956A-4816-9386-EE3945527125}
		{ADD87D0A-7116-4827-B1A5-BCAA6F793C28} = {3F058F96-956A-4816-9386-EE3945527125}
		{59858EC1-6867-4771-8881-289CDE722545} = {3F058F96-956A-4816-9386-EE3945527125}
		{D8560903-9F29-4416-8845-D3ADE9B32DA6} = {3CC34DD1-1FA0-42CF-90AE-B5287693119F}
		{F4C32F3F-1475-4567-9064-81371D67B647} = {D8560903-9F29-4416-8845-D3ADE9B32DA6}
		{E3FF2CE9-CCE4-4969-A372-64950FC8670C} = {D8560903-9F29-4416-8845-D3ADE9B32DA6}
		{B295CA23-2102-42AD-88B8-C0B2C02C3C44} = {D8560903-9F29-4416-8845-D3ADE9B32DA6}
		{D0D59FD9-AA06-4F1E-812D-1E68843D4E8D} = {D8560903-9F29-4416-8845-D3ADE9B32DA6}
		{F33373AC-6D21-4A0E-B4DE-B7B5B25C37FA} = {3CC34DD1-1FA0-42CF-90AE-B5287693119F}
		{3BF8EE1F-322C-45D5-9328-E5F5B921BA17} = {F33373AC-6D21-4A0E-B4DE-B7B5B25C37FA}
		{CEF05A56-EF14-4C1A-961E-2CC53B2417DB} = {F33373AC-6D21-4A0E-B4DE-B7B5B25C37FA}
		{44352105-983C-43FC-8AD7-1D9B42B1F9F0} = {F33373AC-6D21-4A0E-B4DE-B7B5B25C37FA}
		{DC6C6BE1-80FE-4AA0-98A1-F667B038699B} = {F33373AC-6D21-4A0E-B4DE-B7B5B25C37FA}
		{B1777240-B123-499F-88E9-269EAEE2F5F1} = {F33373AC-6D21-4A0E-B4DE-B7B5B25C37FA}
		{744C3FAB-0EF9-4164-B2EF-45C2604F14A7} = {F33373AC-6D21-4A0E-B4DE-B7B5B25C37FA}
		{808DCB1E-9DC9-4564-8F16-208B39E123AD} = {F33373AC-6D21-4A0E-B4DE-B7B5B25C37FA}
		{FB7BECA8-E11F-4A28-A6C4-E809AA7B447A} = {F33373AC-6D21-4A0E-B4DE-B7B5B25C37FA}
		{134976F4-7D80-46D4-BA25-034D108E655D} = {F33373AC-6D21-4A0E-B4DE-B7B5B25C37FA}
		{E41ACA19-A66F-40C5-BC9D-FD332FFC228E} = {F33373AC-6D21-4A0E-B4DE-B7B5B25C37FA}
		{718F0B23-9B9B-4A9E-96E0-0A356A3A136A} = {3CC34DD1-1FA0-42CF-90AE-B5287693119F}
		{8A0944AE-AC5B-479B-B038-4B4DF35B724C} = {718F0B23-9B9B-4A9E-96E0-0A356A3A136A}
		{7886EA6D-59EA-4D4C-9EA1-9B444A061B3B} = {718F0B23-9B9B-4A9E-96E0-0A356A3A136A}
		{91328FA3-BF6A-49E4-9C65-D47FAB51B551} = {3CC34DD1-1FA0-42CF-90AE-B5287693119F}
		{AA192040-9132-48EA-8D8C-4BBD38C8BCCD} = {91328FA3-BF6A-49E4-9C65-D47FAB51B551}
		{C85DAF68-7997-41FB-9B8C-820182CB14F5} = {91328FA3-BF6A-49E4-9C65-D47FAB51B551}
		{B28924CF-7053-42A3-8BD0-9C8FEBD93F3C} = {3CC34DD1-1FA0-42CF-90AE-B5287693119F}
		{140CB2C0-0624-47C4-B76E-793CE0897830} = {B28924CF-7053-42A3-8BD0-9C8FEBD93F3C}
		{B36E9286-A4E5-415E-87D1-BA0B3F222D9C} = {B28924CF-7053-42A3-8BD0-9C8FEBD93F3C}
		{1FD50DBA-17FF-462F-B469-6F626AFE5241} = {12D8F826-FA8B-4647-8432-4465734A82FD}
		{5AE29798-70DC-45B3-A633-E8BF981DC86E} = {1FD50DBA-17FF-462F-B469-6F626AFE5241}
	EndGlobalSection
	GlobalSection(ExtensibilityGlobals) = postSolution
		SolutionGuid = {1FA7845C-1A4F-4CFB-8541-4EFBF1E2E095}
	EndGlobalSection
EndGlobal
